PODS:
  - GPUImage2-Pixel (3.1.4)
  - PixelSDK (6.1.0):
    - GPUImage2-Pixel (~> 3.1.0)
  - RPCircularProgress (0.5.0)

DEPENDENCIES:
  - PixelSDK (from `../PixelSDK.podspec`)
  - RPCircularProgress

SPEC REPOS:
  https://github.com/CocoaPods/Specs.git:
    - GPUImage2-Pixel
    - RPCircularProgress

EXTERNAL SOURCES:
  PixelSDK:
    :podspec: "../PixelSDK.podspec"

SPEC CHECKSUMS:
  GPUImage2-Pixel: 9f8289edebc0fc48833640d5f05981e3eb061846
  PixelSDK: 306b38373b5a47345e14610e620b8d9e8ef234a0
  RPCircularProgress: 4499d4a1453dfbd3fe5bd8c6f344fd51cff3ad00

PODFILE CHECKSUM: 7c5df9c7b9794bd16375631783770e19cb498f47

COCOAPODS: 1.9.1
