PODS:
  - PixelSDK (10.1.1):
    - PixelSDK-GPUImage3 (~> 1.1.1)
  - PixelSDK-GPUImage3 (1.1.13)

DEPENDENCIES:
  - PixelSDK (from `../PixelSDK.podspec`)

SPEC REPOS:
  https://github.com/CocoaPods/Specs.git:
    - PixelSDK-GPUImage3

EXTERNAL SOURCES:
  PixelSDK:
    :podspec: "../PixelSDK.podspec"

SPEC CHECKSUMS:
  PixelSDK: 264b7cda5c1242c9709b0bc761b5872f94e09502
  PixelSDK-GPUImage3: 739e8363b869501fbb9cd3e4230755798e4609cb

PODFILE CHECKSUM: 79b82a0f7e6f394eddc31f60b1ddd0470bc90801

COCOAPODS: 1.9.3
