// !$*UTF8*$!
{
	archiveVersion = 1;
	classes = {
	};
	objectVersion = 51;
	objects = {

/* Begin PBXBuildFile section */
		1F0902B124CA732D0034473B /* RPCircularProgress.swift in Sources */ = {isa = PBXBuildFile; fileRef = 1F0902B024CA732D0034473B /* RPCircularProgress.swift */; };
		1F161F222436995D008F0E73 /* PHPhotoLibrary+Additions.swift in Sources */ = {isa = PBXBuildFile; fileRef = 1F161F212436995D008F0E73 /* PHPhotoLibrary+Additions.swift */; };
		1FC45F09246126EB00BF87F7 /* Main.storyboard in Resources */ = {isa = PBXBuildFile; fileRef = 1FC45F07246126EB00BF87F7 /* Main.storyboard */; };
		1FC45F0C246126F300BF87F7 /* LaunchScreen.storyboard in Resources */ = {isa = PBXBuildFile; fileRef = 1FC45F0A246126F300BF87F7 /* LaunchScreen.storyboard */; };
		1FC45F14246127E200BF87F7 /* Localizable.strings in Resources */ = {isa = PBXBuildFile; fileRef = 1FC45F10246127E200BF87F7 /* Localizable.strings */; };
		1FC45F15246127E200BF87F7 /* InfoPlist.strings in Resources */ = {isa = PBXBuildFile; fileRef = 1FC45F12246127E200BF87F7 /* InfoPlist.strings */; };
		1FCA590123B6BE530087B542 /* ViewController.swift in Sources */ = {isa = PBXBuildFile; fileRef = 1FCA58D423B6BE530087B542 /* ViewController.swift */; };
		1FCA590223B6BE530087B542 /* Colors.xcassets in Resources */ = {isa = PBXBuildFile; fileRef = 1FCA58D523B6BE530087B542 /* Colors.xcassets */; };
		1FCA590323B6BE530087B542 /* PostController.xib in Resources */ = {isa = PBXBuildFile; fileRef = 1FCA58D723B6BE530087B542 /* PostController.xib */; };
		1FCA590423B6BE530087B542 /* PostTagLocationCell.swift in Sources */ = {isa = PBXBuildFile; fileRef = 1FCA58D823B6BE530087B542 /* PostTagLocationCell.swift */; };
		1FCA590623B6BE530087B542 /* PostController.swift in Sources */ = {isa = PBXBuildFile; fileRef = 1FCA58DA23B6BE530087B542 /* PostController.swift */; };
		1FCA590723B6BE530087B542 /* PostTagLocationCell.xib in Resources */ = {isa = PBXBuildFile; fileRef = 1FCA58DB23B6BE530087B542 /* PostTagLocationCell.xib */; };
		1FCA590823B6BE530087B542 /* PostDescriptionCell.swift in Sources */ = {isa = PBXBuildFile; fileRef = 1FCA58DC23B6BE530087B542 /* PostDescriptionCell.swift */; };
		1FCA590923B6BE530087B542 /* SearchController.xib in Resources */ = {isa = PBXBuildFile; fileRef = 1FCA58DD23B6BE530087B542 /* SearchController.xib */; };
		1FCA590A23B6BE530087B542 /* PostShareCell.swift in Sources */ = {isa = PBXBuildFile; fileRef = 1FCA58DE23B6BE530087B542 /* PostShareCell.swift */; };
		1FCA590B23B6BE530087B542 /* SearchController.swift in Sources */ = {isa = PBXBuildFile; fileRef = 1FCA58DF23B6BE530087B542 /* SearchController.swift */; };
		1FCA590C23B6BE530087B542 /* PostDescriptionCell.xib in Resources */ = {isa = PBXBuildFile; fileRef = 1FCA58E023B6BE530087B542 /* PostDescriptionCell.xib */; };
		1FCA590E23B6BE530087B542 /* PostShareCell.xib in Resources */ = {isa = PBXBuildFile; fileRef = 1FCA58E223B6BE530087B542 /* PostShareCell.xib */; };
		1FCA590F23B6BE530087B542 /* ExpandingTextViewCell.swift in Sources */ = {isa = PBXBuildFile; fileRef = 1FCA58E323B6BE530087B542 /* ExpandingTextViewCell.swift */; };
		1FCA591023B6BE530087B542 /* ShareCameraRoll.swift in Sources */ = {isa = PBXBuildFile; fileRef = 1FCA58E523B6BE530087B542 /* ShareCameraRoll.swift */; };
		1FCA591123B6BE530087B542 /* ShareTwitter.swift in Sources */ = {isa = PBXBuildFile; fileRef = 1FCA58E623B6BE530087B542 /* ShareTwitter.swift */; };
		1FCA591223B6BE530087B542 /* ShareInstagram.swift in Sources */ = {isa = PBXBuildFile; fileRef = 1FCA58E723B6BE530087B542 /* ShareInstagram.swift */; };
		1FCA591323B6BE530087B542 /* ShareManager.swift in Sources */ = {isa = PBXBuildFile; fileRef = 1FCA58E823B6BE530087B542 /* ShareManager.swift */; };
		1FCA591423B6BE530087B542 /* ShareFacebook.swift in Sources */ = {isa = PBXBuildFile; fileRef = 1FCA58E923B6BE530087B542 /* ShareFacebook.swift */; };
		1FCA591523B6BE530087B542 /* ShareMail.swift in Sources */ = {isa = PBXBuildFile; fileRef = 1FCA58EA23B6BE530087B542 /* ShareMail.swift */; };
		1FCA591623B6BE530087B542 /* ShareMessage.swift in Sources */ = {isa = PBXBuildFile; fileRef = 1FCA58EB23B6BE530087B542 /* ShareMessage.swift */; };
		1FCA591723B6BE530087B542 /* SessionFilterExample2.swift in Sources */ = {isa = PBXBuildFile; fileRef = 1FCA58EC23B6BE530087B542 /* SessionFilterExample2.swift */; };
		1FCA591823B6BE530087B542 /* Assets.xcassets in Resources */ = {isa = PBXBuildFile; fileRef = 1FCA58ED23B6BE530087B542 /* Assets.xcassets */; };
		1FCA591923B6BE530087B542 /* SessionFilterExample1.swift in Sources */ = {isa = PBXBuildFile; fileRef = 1FCA58EE23B6BE530087B542 /* SessionFilterExample1.swift */; };
		1FCA591E23B6BE530087B542 /* PHAsset+Additions.swift in Sources */ = {isa = PBXBuildFile; fileRef = 1FCA58F623B6BE530087B542 /* PHAsset+Additions.swift */; };
		1FCA592023B6BE530087B542 /* TouchDetectionView.swift in Sources */ = {isa = PBXBuildFile; fileRef = 1FCA58F823B6BE530087B542 /* TouchDetectionView.swift */; };
		1FCA592123B6BE530087B542 /* LocationManager.swift in Sources */ = {isa = PBXBuildFile; fileRef = 1FCA58F923B6BE530087B542 /* LocationManager.swift */; };
		1FCA592223B6BE530087B542 /* MKPlacemark+Additions.swift in Sources */ = {isa = PBXBuildFile; fileRef = 1FCA58FA23B6BE530087B542 /* MKPlacemark+Additions.swift */; };
		1FCA592523B6BE530087B542 /* AppDelegate.swift in Sources */ = {isa = PBXBuildFile; fileRef = 1FCA58FD23B6BE530087B542 /* AppDelegate.swift */; };
		1FD0BB2624358EAD00588233 /* test_1.mov in Resources */ = {isa = PBXBuildFile; fileRef = 1FD0BB2324358EAD00588233 /* test_1.mov */; };
		1FD0BB2724358EAD00588233 /* test_2.mp4 in Resources */ = {isa = PBXBuildFile; fileRef = 1FD0BB2424358EAD00588233 /* test_2.mp4 */; };
		1FD0BB2824358EAD00588233 /* test_3.mp4 in Resources */ = {isa = PBXBuildFile; fileRef = 1FD0BB2524358EAD00588233 /* test_3.mp4 */; };
		F6D3ED8E932393BE3EF68920 /* Pods_PixelSDKExample.framework in Frameworks */ = {isa = PBXBuildFile; fileRef = 0D210D24085027C9CE622875 /* Pods_PixelSDKExample.framework */; };
/* End PBXBuildFile section */

/* Begin PBXFileReference section */
		0D210D24085027C9CE622875 /* Pods_PixelSDKExample.framework */ = {isa = PBXFileReference; explicitFileType = wrapper.framework; includeInIndex = 0; path = Pods_PixelSDKExample.framework; sourceTree = BUILT_PRODUCTS_DIR; };
		1F0902B024CA732D0034473B /* RPCircularProgress.swift */ = {isa = PBXFileReference; fileEncoding = 4; lastKnownFileType = sourcecode.swift; path = RPCircularProgress.swift; sourceTree = "<group>"; };
		1F161F212436995D008F0E73 /* PHPhotoLibrary+Additions.swift */ = {isa = PBXFileReference; fileEncoding = 4; lastKnownFileType = sourcecode.swift; path = "PHPhotoLibrary+Additions.swift"; sourceTree = "<group>"; };
		1FC45F08246126EB00BF87F7 /* Base */ = {isa = PBXFileReference; lastKnownFileType = file.storyboard; name = Base; path = Localizations/Base.lproj/Main.storyboard; sourceTree = "<group>"; };
		1FC45F0B246126F300BF87F7 /* Base */ = {isa = PBXFileReference; lastKnownFileType = file.storyboard; name = Base; path = Localizations/Base.lproj/LaunchScreen.storyboard; sourceTree = "<group>"; };
		1FC45F0F246127A700BF87F7 /* en */ = {isa = PBXFileReference; lastKnownFileType = text.plist.strings; name = en; path = Localizations/en.lproj/Main.strings; sourceTree = "<group>"; };
		1FC45F11246127E200BF87F7 /* en */ = {isa = PBXFileReference; lastKnownFileType = text.plist.strings; name = en; path = Localizations/en.lproj/Localizable.strings; sourceTree = "<group>"; };
		1FC45F13246127E200BF87F7 /* en */ = {isa = PBXFileReference; lastKnownFileType = text.plist.strings; name = en; path = Localizations/en.lproj/InfoPlist.strings; sourceTree = "<group>"; };
		1FC45F16246127E800BF87F7 /* ar */ = {isa = PBXFileReference; lastKnownFileType = text.plist.strings; name = ar; path = Localizations/ar.lproj/InfoPlist.strings; sourceTree = "<group>"; };
		1FC45F17246127EC00BF87F7 /* ar */ = {isa = PBXFileReference; lastKnownFileType = text.plist.strings; name = ar; path = Localizations/ar.lproj/Localizable.strings; sourceTree = "<group>"; };
		1FC45F1A2461283300BF87F7 /* ca */ = {isa = PBXFileReference; lastKnownFileType = text.plist.strings; name = ca; path = Localizations/ca.lproj/Localizable.strings; sourceTree = "<group>"; };
		1FC45F1B2461283C00BF87F7 /* ca */ = {isa = PBXFileReference; lastKnownFileType = text.plist.strings; name = ca; path = Localizations/ca.lproj/InfoPlist.strings; sourceTree = "<group>"; };
		1FC45F4224612AA900BF87F7 /* ar */ = {isa = PBXFileReference; lastKnownFileType = text.plist.strings; name = ar; path = Localizations/ar.lproj/Main.strings; sourceTree = "<group>"; };
		1FC45F4324612AAA00BF87F7 /* ca */ = {isa = PBXFileReference; lastKnownFileType = text.plist.strings; name = ca; path = Localizations/ca.lproj/Main.strings; sourceTree = "<group>"; };
		1FC45F4424612AAB00BF87F7 /* zh-HK */ = {isa = PBXFileReference; lastKnownFileType = text.plist.strings; name = "zh-HK"; path = "Localizations/zh-HK.lproj/Main.strings"; sourceTree = "<group>"; };
		1FC45F4524612AAC00BF87F7 /* zh-Hans */ = {isa = PBXFileReference; lastKnownFileType = text.plist.strings; name = "zh-Hans"; path = "Localizations/zh-Hans.lproj/Main.strings"; sourceTree = "<group>"; };
		1FC45F4624612AAD00BF87F7 /* zh-Hant */ = {isa = PBXFileReference; lastKnownFileType = text.plist.strings; name = "zh-Hant"; path = "Localizations/zh-Hant.lproj/Main.strings"; sourceTree = "<group>"; };
		1FC45F4724612AAD00BF87F7 /* hr */ = {isa = PBXFileReference; lastKnownFileType = text.plist.strings; name = hr; path = Localizations/hr.lproj/Main.strings; sourceTree = "<group>"; };
		1FC45F4824612AAE00BF87F7 /* cs */ = {isa = PBXFileReference; lastKnownFileType = text.plist.strings; name = cs; path = Localizations/cs.lproj/Main.strings; sourceTree = "<group>"; };
		1FC45F4924612AAF00BF87F7 /* da */ = {isa = PBXFileReference; lastKnownFileType = text.plist.strings; name = da; path = Localizations/da.lproj/Main.strings; sourceTree = "<group>"; };
		1FC45F4A24612AB000BF87F7 /* nl */ = {isa = PBXFileReference; lastKnownFileType = text.plist.strings; name = nl; path = Localizations/nl.lproj/Main.strings; sourceTree = "<group>"; };
		1FC45F4B24612AB100BF87F7 /* en-GB */ = {isa = PBXFileReference; lastKnownFileType = text.plist.strings; name = "en-GB"; path = "Localizations/en-GB.lproj/Main.strings"; sourceTree = "<group>"; };
		1FC45F4C24612AB100BF87F7 /* fi */ = {isa = PBXFileReference; lastKnownFileType = text.plist.strings; name = fi; path = Localizations/fi.lproj/Main.strings; sourceTree = "<group>"; };
		1FC45F4D24612AB200BF87F7 /* fr */ = {isa = PBXFileReference; lastKnownFileType = text.plist.strings; name = fr; path = Localizations/fr.lproj/Main.strings; sourceTree = "<group>"; };
		1FC45F4E24612AB300BF87F7 /* fr-CA */ = {isa = PBXFileReference; lastKnownFileType = text.plist.strings; name = "fr-CA"; path = "Localizations/fr-CA.lproj/Main.strings"; sourceTree = "<group>"; };
		1FC45F4F24612AB300BF87F7 /* fr-FR */ = {isa = PBXFileReference; lastKnownFileType = text.plist.strings; name = "fr-FR"; path = "Localizations/fr-FR.lproj/Main.strings"; sourceTree = "<group>"; };
		1FC45F5024612AB400BF87F7 /* de */ = {isa = PBXFileReference; lastKnownFileType = text.plist.strings; name = de; path = Localizations/de.lproj/Main.strings; sourceTree = "<group>"; };
		1FC45F5124612AB400BF87F7 /* el */ = {isa = PBXFileReference; lastKnownFileType = text.plist.strings; name = el; path = Localizations/el.lproj/Main.strings; sourceTree = "<group>"; };
		1FC45F5224612AB500BF87F7 /* he */ = {isa = PBXFileReference; lastKnownFileType = text.plist.strings; name = he; path = Localizations/he.lproj/Main.strings; sourceTree = "<group>"; };
		1FC45F5324612AB500BF87F7 /* hi */ = {isa = PBXFileReference; lastKnownFileType = text.plist.strings; name = hi; path = Localizations/hi.lproj/Main.strings; sourceTree = "<group>"; };
		1FC45F5424612AB600BF87F7 /* hu */ = {isa = PBXFileReference; lastKnownFileType = text.plist.strings; name = hu; path = Localizations/hu.lproj/Main.strings; sourceTree = "<group>"; };
		1FC45F5524612AB600BF87F7 /* id */ = {isa = PBXFileReference; lastKnownFileType = text.plist.strings; name = id; path = Localizations/id.lproj/Main.strings; sourceTree = "<group>"; };
		1FC45F5624612AB800BF87F7 /* it */ = {isa = PBXFileReference; lastKnownFileType = text.plist.strings; name = it; path = Localizations/it.lproj/Main.strings; sourceTree = "<group>"; };
		1FC45F5724612ABA00BF87F7 /* ja */ = {isa = PBXFileReference; lastKnownFileType = text.plist.strings; name = ja; path = Localizations/ja.lproj/Main.strings; sourceTree = "<group>"; };
		1FC45F5824612ABB00BF87F7 /* ko */ = {isa = PBXFileReference; lastKnownFileType = text.plist.strings; name = ko; path = Localizations/ko.lproj/Main.strings; sourceTree = "<group>"; };
		1FC45F5924612ABB00BF87F7 /* ms */ = {isa = PBXFileReference; lastKnownFileType = text.plist.strings; name = ms; path = Localizations/ms.lproj/Main.strings; sourceTree = "<group>"; };
		1FC45F5A24612ABC00BF87F7 /* nb */ = {isa = PBXFileReference; lastKnownFileType = text.plist.strings; name = nb; path = Localizations/nb.lproj/Main.strings; sourceTree = "<group>"; };
		1FC45F5B24612ABD00BF87F7 /* pl */ = {isa = PBXFileReference; lastKnownFileType = text.plist.strings; name = pl; path = Localizations/pl.lproj/Main.strings; sourceTree = "<group>"; };
		1FC45F5C24612ABE00BF87F7 /* pt */ = {isa = PBXFileReference; lastKnownFileType = text.plist.strings; name = pt; path = Localizations/pt.lproj/Main.strings; sourceTree = "<group>"; };
		1FC45F5D24612ABE00BF87F7 /* pt-BR */ = {isa = PBXFileReference; lastKnownFileType = text.plist.strings; name = "pt-BR"; path = "Localizations/pt-BR.lproj/Main.strings"; sourceTree = "<group>"; };
		1FC45F5E24612ABF00BF87F7 /* pt-PT */ = {isa = PBXFileReference; lastKnownFileType = text.plist.strings; name = "pt-PT"; path = "Localizations/pt-PT.lproj/Main.strings"; sourceTree = "<group>"; };
		1FC45F5F24612AC000BF87F7 /* ro */ = {isa = PBXFileReference; lastKnownFileType = text.plist.strings; name = ro; path = Localizations/ro.lproj/Main.strings; sourceTree = "<group>"; };
		1FC45F6024612AC000BF87F7 /* ru */ = {isa = PBXFileReference; lastKnownFileType = text.plist.strings; name = ru; path = Localizations/ru.lproj/Main.strings; sourceTree = "<group>"; };
		1FC45F6124612AC100BF87F7 /* sk */ = {isa = PBXFileReference; lastKnownFileType = text.plist.strings; name = sk; path = Localizations/sk.lproj/Main.strings; sourceTree = "<group>"; };
		1FC45F6224612AC100BF87F7 /* es */ = {isa = PBXFileReference; lastKnownFileType = text.plist.strings; name = es; path = Localizations/es.lproj/Main.strings; sourceTree = "<group>"; };
		1FC45F6324612AC300BF87F7 /* es-419 */ = {isa = PBXFileReference; lastKnownFileType = text.plist.strings; name = "es-419"; path = "Localizations/es-419.lproj/Main.strings"; sourceTree = "<group>"; };
		1FC45F6424612AC300BF87F7 /* es-ES */ = {isa = PBXFileReference; lastKnownFileType = text.plist.strings; name = "es-ES"; path = "Localizations/es-ES.lproj/Main.strings"; sourceTree = "<group>"; };
		1FC45F6624612AC600BF87F7 /* sv */ = {isa = PBXFileReference; lastKnownFileType = text.plist.strings; name = sv; path = Localizations/sv.lproj/Main.strings; sourceTree = "<group>"; };
		1FC45F6724612AC700BF87F7 /* th */ = {isa = PBXFileReference; lastKnownFileType = text.plist.strings; name = th; path = Localizations/th.lproj/Main.strings; sourceTree = "<group>"; };
		1FC45F6824612AC800BF87F7 /* tr */ = {isa = PBXFileReference; lastKnownFileType = text.plist.strings; name = tr; path = Localizations/tr.lproj/Main.strings; sourceTree = "<group>"; };
		1FC45F6924612AC900BF87F7 /* uk */ = {isa = PBXFileReference; lastKnownFileType = text.plist.strings; name = uk; path = Localizations/uk.lproj/Main.strings; sourceTree = "<group>"; };
		1FC45F6A24612ACA00BF87F7 /* vi */ = {isa = PBXFileReference; lastKnownFileType = text.plist.strings; name = vi; path = Localizations/vi.lproj/Main.strings; sourceTree = "<group>"; };
		1FC45F6B24612AD100BF87F7 /* zh-HK */ = {isa = PBXFileReference; lastKnownFileType = text.plist.strings; name = "zh-HK"; path = "Localizations/zh-HK.lproj/InfoPlist.strings"; sourceTree = "<group>"; };
		1FC45F6C24612AD100BF87F7 /* zh-Hans */ = {isa = PBXFileReference; lastKnownFileType = text.plist.strings; name = "zh-Hans"; path = "Localizations/zh-Hans.lproj/InfoPlist.strings"; sourceTree = "<group>"; };
		1FC45F6D24612AD200BF87F7 /* zh-Hant */ = {isa = PBXFileReference; lastKnownFileType = text.plist.strings; name = "zh-Hant"; path = "Localizations/zh-Hant.lproj/InfoPlist.strings"; sourceTree = "<group>"; };
		1FC45F6E24612AD200BF87F7 /* hr */ = {isa = PBXFileReference; lastKnownFileType = text.plist.strings; name = hr; path = Localizations/hr.lproj/InfoPlist.strings; sourceTree = "<group>"; };
		1FC45F6F24612AD300BF87F7 /* cs */ = {isa = PBXFileReference; lastKnownFileType = text.plist.strings; name = cs; path = Localizations/cs.lproj/InfoPlist.strings; sourceTree = "<group>"; };
		1FC45F7024612AD300BF87F7 /* da */ = {isa = PBXFileReference; lastKnownFileType = text.plist.strings; name = da; path = Localizations/da.lproj/InfoPlist.strings; sourceTree = "<group>"; };
		1FC45F7124612AD500BF87F7 /* nl */ = {isa = PBXFileReference; lastKnownFileType = text.plist.strings; name = nl; path = Localizations/nl.lproj/InfoPlist.strings; sourceTree = "<group>"; };
		1FC45F7224612AD500BF87F7 /* en-GB */ = {isa = PBXFileReference; lastKnownFileType = text.plist.strings; name = "en-GB"; path = "Localizations/en-GB.lproj/InfoPlist.strings"; sourceTree = "<group>"; };
		1FC45F7324612AD600BF87F7 /* fi */ = {isa = PBXFileReference; lastKnownFileType = text.plist.strings; name = fi; path = Localizations/fi.lproj/InfoPlist.strings; sourceTree = "<group>"; };
		1FC45F7424612AD600BF87F7 /* fr */ = {isa = PBXFileReference; lastKnownFileType = text.plist.strings; name = fr; path = Localizations/fr.lproj/InfoPlist.strings; sourceTree = "<group>"; };
		1FC45F7524612AD700BF87F7 /* fr-CA */ = {isa = PBXFileReference; lastKnownFileType = text.plist.strings; name = "fr-CA"; path = "Localizations/fr-CA.lproj/InfoPlist.strings"; sourceTree = "<group>"; };
		1FC45F7624612AD700BF87F7 /* fr-FR */ = {isa = PBXFileReference; lastKnownFileType = text.plist.strings; name = "fr-FR"; path = "Localizations/fr-FR.lproj/InfoPlist.strings"; sourceTree = "<group>"; };
		1FC45F7724612AD800BF87F7 /* de */ = {isa = PBXFileReference; lastKnownFileType = text.plist.strings; name = de; path = Localizations/de.lproj/InfoPlist.strings; sourceTree = "<group>"; };
		1FC45F7824612AD800BF87F7 /* el */ = {isa = PBXFileReference; lastKnownFileType = text.plist.strings; name = el; path = Localizations/el.lproj/InfoPlist.strings; sourceTree = "<group>"; };
		1FC45F7924612AD900BF87F7 /* he */ = {isa = PBXFileReference; lastKnownFileType = text.plist.strings; name = he; path = Localizations/he.lproj/InfoPlist.strings; sourceTree = "<group>"; };
		1FC45F7A24612ADA00BF87F7 /* hi */ = {isa = PBXFileReference; lastKnownFileType = text.plist.strings; name = hi; path = Localizations/hi.lproj/InfoPlist.strings; sourceTree = "<group>"; };
		1FC45F7B24612ADB00BF87F7 /* hu */ = {isa = PBXFileReference; lastKnownFileType = text.plist.strings; name = hu; path = Localizations/hu.lproj/InfoPlist.strings; sourceTree = "<group>"; };
		1FC45F7C24612ADB00BF87F7 /* id */ = {isa = PBXFileReference; lastKnownFileType = text.plist.strings; name = id; path = Localizations/id.lproj/InfoPlist.strings; sourceTree = "<group>"; };
		1FC45F7D24612ADC00BF87F7 /* it */ = {isa = PBXFileReference; lastKnownFileType = text.plist.strings; name = it; path = Localizations/it.lproj/InfoPlist.strings; sourceTree = "<group>"; };
		1FC45F7E24612ADC00BF87F7 /* ja */ = {isa = PBXFileReference; lastKnownFileType = text.plist.strings; name = ja; path = Localizations/ja.lproj/InfoPlist.strings; sourceTree = "<group>"; };
		1FC45F7F24612ADD00BF87F7 /* ko */ = {isa = PBXFileReference; lastKnownFileType = text.plist.strings; name = ko; path = Localizations/ko.lproj/InfoPlist.strings; sourceTree = "<group>"; };
		1FC45F8024612ADE00BF87F7 /* ms */ = {isa = PBXFileReference; lastKnownFileType = text.plist.strings; name = ms; path = Localizations/ms.lproj/InfoPlist.strings; sourceTree = "<group>"; };
		1FC45F8124612ADE00BF87F7 /* nb */ = {isa = PBXFileReference; lastKnownFileType = text.plist.strings; name = nb; path = Localizations/nb.lproj/InfoPlist.strings; sourceTree = "<group>"; };
		1FC45F8224612AE200BF87F7 /* pl */ = {isa = PBXFileReference; lastKnownFileType = text.plist.strings; name = pl; path = Localizations/pl.lproj/InfoPlist.strings; sourceTree = "<group>"; };
		1FC45F8324612AE300BF87F7 /* pt */ = {isa = PBXFileReference; lastKnownFileType = text.plist.strings; name = pt; path = Localizations/pt.lproj/InfoPlist.strings; sourceTree = "<group>"; };
		1FC45F8424612AE300BF87F7 /* pt-BR */ = {isa = PBXFileReference; lastKnownFileType = text.plist.strings; name = "pt-BR"; path = "Localizations/pt-BR.lproj/InfoPlist.strings"; sourceTree = "<group>"; };
		1FC45F8524612AE400BF87F7 /* pt-PT */ = {isa = PBXFileReference; lastKnownFileType = text.plist.strings; name = "pt-PT"; path = "Localizations/pt-PT.lproj/InfoPlist.strings"; sourceTree = "<group>"; };
		1FC45F8624612AE400BF87F7 /* ro */ = {isa = PBXFileReference; lastKnownFileType = text.plist.strings; name = ro; path = Localizations/ro.lproj/InfoPlist.strings; sourceTree = "<group>"; };
		1FC45F8724612AE500BF87F7 /* ru */ = {isa = PBXFileReference; lastKnownFileType = text.plist.strings; name = ru; path = Localizations/ru.lproj/InfoPlist.strings; sourceTree = "<group>"; };
		1FC45F8824612AE500BF87F7 /* sk */ = {isa = PBXFileReference; lastKnownFileType = text.plist.strings; name = sk; path = Localizations/sk.lproj/InfoPlist.strings; sourceTree = "<group>"; };
		1FC45F8924612AE600BF87F7 /* es */ = {isa = PBXFileReference; lastKnownFileType = text.plist.strings; name = es; path = Localizations/es.lproj/InfoPlist.strings; sourceTree = "<group>"; };
		1FC45F8A24612AE700BF87F7 /* es-419 */ = {isa = PBXFileReference; lastKnownFileType = text.plist.strings; name = "es-419"; path = "Localizations/es-419.lproj/InfoPlist.strings"; sourceTree = "<group>"; };
		1FC45F8B24612AE700BF87F7 /* es-ES */ = {isa = PBXFileReference; lastKnownFileType = text.plist.strings; name = "es-ES"; path = "Localizations/es-ES.lproj/InfoPlist.strings"; sourceTree = "<group>"; };
		1FC45F8C24612AE800BF87F7 /* sv */ = {isa = PBXFileReference; lastKnownFileType = text.plist.strings; name = sv; path = Localizations/sv.lproj/InfoPlist.strings; sourceTree = "<group>"; };
		1FC45F8D24612AE800BF87F7 /* th */ = {isa = PBXFileReference; lastKnownFileType = text.plist.strings; name = th; path = Localizations/th.lproj/InfoPlist.strings; sourceTree = "<group>"; };
		1FC45F8E24612AE900BF87F7 /* tr */ = {isa = PBXFileReference; lastKnownFileType = text.plist.strings; name = tr; path = Localizations/tr.lproj/InfoPlist.strings; sourceTree = "<group>"; };
		1FC45F8F24612AEA00BF87F7 /* uk */ = {isa = PBXFileReference; lastKnownFileType = text.plist.strings; name = uk; path = Localizations/uk.lproj/InfoPlist.strings; sourceTree = "<group>"; };
		1FC45F9024612AEA00BF87F7 /* vi */ = {isa = PBXFileReference; lastKnownFileType = text.plist.strings; name = vi; path = Localizations/vi.lproj/InfoPlist.strings; sourceTree = "<group>"; };
		1FC45F9124612AF300BF87F7 /* zh-HK */ = {isa = PBXFileReference; lastKnownFileType = text.plist.strings; name = "zh-HK"; path = "Localizations/zh-HK.lproj/Localizable.strings"; sourceTree = "<group>"; };
		1FC45F9224612AF300BF87F7 /* zh-Hans */ = {isa = PBXFileReference; lastKnownFileType = text.plist.strings; name = "zh-Hans"; path = "Localizations/zh-Hans.lproj/Localizable.strings"; sourceTree = "<group>"; };
		1FC45F9324612AF400BF87F7 /* zh-Hant */ = {isa = PBXFileReference; lastKnownFileType = text.plist.strings; name = "zh-Hant"; path = "Localizations/zh-Hant.lproj/Localizable.strings"; sourceTree = "<group>"; };
		1FC45F9424612AF400BF87F7 /* hr */ = {isa = PBXFileReference; lastKnownFileType = text.plist.strings; name = hr; path = Localizations/hr.lproj/Localizable.strings; sourceTree = "<group>"; };
		1FC45F9524612AF500BF87F7 /* cs */ = {isa = PBXFileReference; lastKnownFileType = text.plist.strings; name = cs; path = Localizations/cs.lproj/Localizable.strings; sourceTree = "<group>"; };
		1FC45F9624612AF500BF87F7 /* da */ = {isa = PBXFileReference; lastKnownFileType = text.plist.strings; name = da; path = Localizations/da.lproj/Localizable.strings; sourceTree = "<group>"; };
		1FC45F9724612AF600BF87F7 /* nl */ = {isa = PBXFileReference; lastKnownFileType = text.plist.strings; name = nl; path = Localizations/nl.lproj/Localizable.strings; sourceTree = "<group>"; };
		1FC45F9824612AF600BF87F7 /* en-GB */ = {isa = PBXFileReference; lastKnownFileType = text.plist.strings; name = "en-GB"; path = "Localizations/en-GB.lproj/Localizable.strings"; sourceTree = "<group>"; };
		1FC45F9924612AF700BF87F7 /* fi */ = {isa = PBXFileReference; lastKnownFileType = text.plist.strings; name = fi; path = Localizations/fi.lproj/Localizable.strings; sourceTree = "<group>"; };
		1FC45F9A24612AF700BF87F7 /* fr */ = {isa = PBXFileReference; lastKnownFileType = text.plist.strings; name = fr; path = Localizations/fr.lproj/Localizable.strings; sourceTree = "<group>"; };
		1FC45F9B24612AF800BF87F7 /* fr-CA */ = {isa = PBXFileReference; lastKnownFileType = text.plist.strings; name = "fr-CA"; path = "Localizations/fr-CA.lproj/Localizable.strings"; sourceTree = "<group>"; };
		1FC45F9C24612AF800BF87F7 /* fr-FR */ = {isa = PBXFileReference; lastKnownFileType = text.plist.strings; name = "fr-FR"; path = "Localizations/fr-FR.lproj/Localizable.strings"; sourceTree = "<group>"; };
		1FC45F9D24612AF900BF87F7 /* de */ = {isa = PBXFileReference; lastKnownFileType = text.plist.strings; name = de; path = Localizations/de.lproj/Localizable.strings; sourceTree = "<group>"; };
		1FC45FA624612B0900BF87F7 /* el */ = {isa = PBXFileReference; lastKnownFileType = text.plist.strings; name = el; path = Localizations/el.lproj/Localizable.strings; sourceTree = "<group>"; };
		1FC45FA724612B0A00BF87F7 /* he */ = {isa = PBXFileReference; lastKnownFileType = text.plist.strings; name = he; path = Localizations/he.lproj/Localizable.strings; sourceTree = "<group>"; };
		1FC45FA824612B0B00BF87F7 /* hi */ = {isa = PBXFileReference; lastKnownFileType = text.plist.strings; name = hi; path = Localizations/hi.lproj/Localizable.strings; sourceTree = "<group>"; };
		1FC45FA924612B0B00BF87F7 /* hu */ = {isa = PBXFileReference; lastKnownFileType = text.plist.strings; name = hu; path = Localizations/hu.lproj/Localizable.strings; sourceTree = "<group>"; };
		1FC45FAA24612B0C00BF87F7 /* id */ = {isa = PBXFileReference; lastKnownFileType = text.plist.strings; name = id; path = Localizations/id.lproj/Localizable.strings; sourceTree = "<group>"; };
		1FC45FAB24612B0C00BF87F7 /* it */ = {isa = PBXFileReference; lastKnownFileType = text.plist.strings; name = it; path = Localizations/it.lproj/Localizable.strings; sourceTree = "<group>"; };
		1FC45FAC24612B0D00BF87F7 /* ja */ = {isa = PBXFileReference; lastKnownFileType = text.plist.strings; name = ja; path = Localizations/ja.lproj/Localizable.strings; sourceTree = "<group>"; };
		1FC45FAD24612B0D00BF87F7 /* ko */ = {isa = PBXFileReference; lastKnownFileType = text.plist.strings; name = ko; path = Localizations/ko.lproj/Localizable.strings; sourceTree = "<group>"; };
		1FC45FAE24612B1500BF87F7 /* ms */ = {isa = PBXFileReference; lastKnownFileType = text.plist.strings; name = ms; path = Localizations/ms.lproj/Localizable.strings; sourceTree = "<group>"; };
		1FC45FAF24612B1600BF87F7 /* nb */ = {isa = PBXFileReference; lastKnownFileType = text.plist.strings; name = nb; path = Localizations/nb.lproj/Localizable.strings; sourceTree = "<group>"; };
		1FC45FB024612B1600BF87F7 /* pl */ = {isa = PBXFileReference; lastKnownFileType = text.plist.strings; name = pl; path = Localizations/pl.lproj/Localizable.strings; sourceTree = "<group>"; };
		1FC45FB124612B1700BF87F7 /* pt */ = {isa = PBXFileReference; lastKnownFileType = text.plist.strings; name = pt; path = Localizations/pt.lproj/Localizable.strings; sourceTree = "<group>"; };
		1FC45FB224612B1700BF87F7 /* pt-BR */ = {isa = PBXFileReference; lastKnownFileType = text.plist.strings; name = "pt-BR"; path = "Localizations/pt-BR.lproj/Localizable.strings"; sourceTree = "<group>"; };
		1FC45FB324612B1800BF87F7 /* pt-PT */ = {isa = PBXFileReference; lastKnownFileType = text.plist.strings; name = "pt-PT"; path = "Localizations/pt-PT.lproj/Localizable.strings"; sourceTree = "<group>"; };
		1FC45FB424612B1800BF87F7 /* ro */ = {isa = PBXFileReference; lastKnownFileType = text.plist.strings; name = ro; path = Localizations/ro.lproj/Localizable.strings; sourceTree = "<group>"; };
		1FC45FB524612B1900BF87F7 /* ru */ = {isa = PBXFileReference; lastKnownFileType = text.plist.strings; name = ru; path = Localizations/ru.lproj/Localizable.strings; sourceTree = "<group>"; };
		1FC45FB624612B1A00BF87F7 /* sk */ = {isa = PBXFileReference; lastKnownFileType = text.plist.strings; name = sk; path = Localizations/sk.lproj/Localizable.strings; sourceTree = "<group>"; };
		1FC45FB724612B1B00BF87F7 /* es */ = {isa = PBXFileReference; lastKnownFileType = text.plist.strings; name = es; path = Localizations/es.lproj/Localizable.strings; sourceTree = "<group>"; };
		1FC45FB824612B1B00BF87F7 /* es-419 */ = {isa = PBXFileReference; lastKnownFileType = text.plist.strings; name = "es-419"; path = "Localizations/es-419.lproj/Localizable.strings"; sourceTree = "<group>"; };
		1FC45FB924612B1C00BF87F7 /* es-ES */ = {isa = PBXFileReference; lastKnownFileType = text.plist.strings; name = "es-ES"; path = "Localizations/es-ES.lproj/Localizable.strings"; sourceTree = "<group>"; };
		1FC45FBA24612B1C00BF87F7 /* sv */ = {isa = PBXFileReference; lastKnownFileType = text.plist.strings; name = sv; path = Localizations/sv.lproj/Localizable.strings; sourceTree = "<group>"; };
		1FC45FBB24612B1D00BF87F7 /* th */ = {isa = PBXFileReference; lastKnownFileType = text.plist.strings; name = th; path = Localizations/th.lproj/Localizable.strings; sourceTree = "<group>"; };
		1FC45FBC24612B1E00BF87F7 /* tr */ = {isa = PBXFileReference; lastKnownFileType = text.plist.strings; name = tr; path = Localizations/tr.lproj/Localizable.strings; sourceTree = "<group>"; };
		1FC45FBD24612B1E00BF87F7 /* uk */ = {isa = PBXFileReference; lastKnownFileType = text.plist.strings; name = uk; path = Localizations/uk.lproj/Localizable.strings; sourceTree = "<group>"; };
		1FC45FBE24612B1F00BF87F7 /* vi */ = {isa = PBXFileReference; lastKnownFileType = text.plist.strings; name = vi; path = Localizations/vi.lproj/Localizable.strings; sourceTree = "<group>"; };
		1FCA58BB23B6BDEB0087B542 /* Pixel SDK.app */ = {isa = PBXFileReference; explicitFileType = wrapper.application; includeInIndex = 0; path = "Pixel SDK.app"; sourceTree = BUILT_PRODUCTS_DIR; };
		1FCA58D423B6BE530087B542 /* ViewController.swift */ = {isa = PBXFileReference; fileEncoding = 4; lastKnownFileType = sourcecode.swift; path = ViewController.swift; sourceTree = "<group>"; };
		1FCA58D523B6BE530087B542 /* Colors.xcassets */ = {isa = PBXFileReference; lastKnownFileType = folder.assetcatalog; path = Colors.xcassets; sourceTree = "<group>"; };
		1FCA58D723B6BE530087B542 /* PostController.xib */ = {isa = PBXFileReference; fileEncoding = 4; lastKnownFileType = file.xib; path = PostController.xib; sourceTree = "<group>"; };
		1FCA58D823B6BE530087B542 /* PostTagLocationCell.swift */ = {isa = PBXFileReference; fileEncoding = 4; lastKnownFileType = sourcecode.swift; path = PostTagLocationCell.swift; sourceTree = "<group>"; };
		1FCA58DA23B6BE530087B542 /* PostController.swift */ = {isa = PBXFileReference; fileEncoding = 4; lastKnownFileType = sourcecode.swift; path = PostController.swift; sourceTree = "<group>"; };
		1FCA58DB23B6BE530087B542 /* PostTagLocationCell.xib */ = {isa = PBXFileReference; fileEncoding = 4; lastKnownFileType = file.xib; path = PostTagLocationCell.xib; sourceTree = "<group>"; };
		1FCA58DC23B6BE530087B542 /* PostDescriptionCell.swift */ = {isa = PBXFileReference; fileEncoding = 4; lastKnownFileType = sourcecode.swift; path = PostDescriptionCell.swift; sourceTree = "<group>"; };
		1FCA58DD23B6BE530087B542 /* SearchController.xib */ = {isa = PBXFileReference; fileEncoding = 4; lastKnownFileType = file.xib; path = SearchController.xib; sourceTree = "<group>"; };
		1FCA58DE23B6BE530087B542 /* PostShareCell.swift */ = {isa = PBXFileReference; fileEncoding = 4; lastKnownFileType = sourcecode.swift; path = PostShareCell.swift; sourceTree = "<group>"; };
		1FCA58DF23B6BE530087B542 /* SearchController.swift */ = {isa = PBXFileReference; fileEncoding = 4; lastKnownFileType = sourcecode.swift; path = SearchController.swift; sourceTree = "<group>"; };
		1FCA58E023B6BE530087B542 /* PostDescriptionCell.xib */ = {isa = PBXFileReference; fileEncoding = 4; lastKnownFileType = file.xib; path = PostDescriptionCell.xib; sourceTree = "<group>"; };
		1FCA58E223B6BE530087B542 /* PostShareCell.xib */ = {isa = PBXFileReference; fileEncoding = 4; lastKnownFileType = file.xib; path = PostShareCell.xib; sourceTree = "<group>"; };
		1FCA58E323B6BE530087B542 /* ExpandingTextViewCell.swift */ = {isa = PBXFileReference; fileEncoding = 4; lastKnownFileType = sourcecode.swift; path = ExpandingTextViewCell.swift; sourceTree = "<group>"; };
		1FCA58E523B6BE530087B542 /* ShareCameraRoll.swift */ = {isa = PBXFileReference; fileEncoding = 4; lastKnownFileType = sourcecode.swift; path = ShareCameraRoll.swift; sourceTree = "<group>"; };
		1FCA58E623B6BE530087B542 /* ShareTwitter.swift */ = {isa = PBXFileReference; fileEncoding = 4; lastKnownFileType = sourcecode.swift; path = ShareTwitter.swift; sourceTree = "<group>"; };
		1FCA58E723B6BE530087B542 /* ShareInstagram.swift */ = {isa = PBXFileReference; fileEncoding = 4; lastKnownFileType = sourcecode.swift; path = ShareInstagram.swift; sourceTree = "<group>"; };
		1FCA58E823B6BE530087B542 /* ShareManager.swift */ = {isa = PBXFileReference; fileEncoding = 4; lastKnownFileType = sourcecode.swift; path = ShareManager.swift; sourceTree = "<group>"; };
		1FCA58E923B6BE530087B542 /* ShareFacebook.swift */ = {isa = PBXFileReference; fileEncoding = 4; lastKnownFileType = sourcecode.swift; path = ShareFacebook.swift; sourceTree = "<group>"; };
		1FCA58EA23B6BE530087B542 /* ShareMail.swift */ = {isa = PBXFileReference; fileEncoding = 4; lastKnownFileType = sourcecode.swift; path = ShareMail.swift; sourceTree = "<group>"; };
		1FCA58EB23B6BE530087B542 /* ShareMessage.swift */ = {isa = PBXFileReference; fileEncoding = 4; lastKnownFileType = sourcecode.swift; path = ShareMessage.swift; sourceTree = "<group>"; };
		1FCA58EC23B6BE530087B542 /* SessionFilterExample2.swift */ = {isa = PBXFileReference; fileEncoding = 4; lastKnownFileType = sourcecode.swift; path = SessionFilterExample2.swift; sourceTree = "<group>"; };
		1FCA58ED23B6BE530087B542 /* Assets.xcassets */ = {isa = PBXFileReference; lastKnownFileType = folder.assetcatalog; path = Assets.xcassets; sourceTree = "<group>"; };
		1FCA58EE23B6BE530087B542 /* SessionFilterExample1.swift */ = {isa = PBXFileReference; fileEncoding = 4; lastKnownFileType = sourcecode.swift; path = SessionFilterExample1.swift; sourceTree = "<group>"; };
		1FCA58F623B6BE530087B542 /* PHAsset+Additions.swift */ = {isa = PBXFileReference; fileEncoding = 4; lastKnownFileType = sourcecode.swift; path = "PHAsset+Additions.swift"; sourceTree = "<group>"; };
		1FCA58F823B6BE530087B542 /* TouchDetectionView.swift */ = {isa = PBXFileReference; fileEncoding = 4; lastKnownFileType = sourcecode.swift; path = TouchDetectionView.swift; sourceTree = "<group>"; };
		1FCA58F923B6BE530087B542 /* LocationManager.swift */ = {isa = PBXFileReference; fileEncoding = 4; lastKnownFileType = sourcecode.swift; path = LocationManager.swift; sourceTree = "<group>"; };
		1FCA58FA23B6BE530087B542 /* MKPlacemark+Additions.swift */ = {isa = PBXFileReference; fileEncoding = 4; lastKnownFileType = sourcecode.swift; path = "MKPlacemark+Additions.swift"; sourceTree = "<group>"; };
		1FCA58FD23B6BE530087B542 /* AppDelegate.swift */ = {isa = PBXFileReference; fileEncoding = 4; lastKnownFileType = sourcecode.swift; path = AppDelegate.swift; sourceTree = "<group>"; };
		1FCA58FF23B6BE530087B542 /* Info.plist */ = {isa = PBXFileReference; fileEncoding = 4; lastKnownFileType = text.plist.xml; path = Info.plist; sourceTree = "<group>"; };
		1FD0BB2324358EAD00588233 /* test_1.mov */ = {isa = PBXFileReference; lastKnownFileType = video.quicktime; path = test_1.mov; sourceTree = "<group>"; };
		1FD0BB2424358EAD00588233 /* test_2.mp4 */ = {isa = PBXFileReference; lastKnownFileType = file; path = test_2.mp4; sourceTree = "<group>"; };
		1FD0BB2524358EAD00588233 /* test_3.mp4 */ = {isa = PBXFileReference; lastKnownFileType = file; path = test_3.mp4; sourceTree = "<group>"; };
		7D4DB6D47010B9D22F69C6DF /* Pods-PixelSDKExample.release.xcconfig */ = {isa = PBXFileReference; includeInIndex = 1; lastKnownFileType = text.xcconfig; name = "Pods-PixelSDKExample.release.xcconfig"; path = "Target Support Files/Pods-PixelSDKExample/Pods-PixelSDKExample.release.xcconfig"; sourceTree = "<group>"; };
		B782BA7C96D63D0621B7AE53 /* Pods-PixelSDKExample.debug.xcconfig */ = {isa = PBXFileReference; includeInIndex = 1; lastKnownFileType = text.xcconfig; name = "Pods-PixelSDKExample.debug.xcconfig"; path = "Target Support Files/Pods-PixelSDKExample/Pods-PixelSDKExample.debug.xcconfig"; sourceTree = "<group>"; };
/* End PBXFileReference section */

/* Begin PBXFrameworksBuildPhase section */
		1FCA58B823B6BDEB0087B542 /* Frameworks */ = {
			isa = PBXFrameworksBuildPhase;
			buildActionMask = 2147483647;
			files = (
				F6D3ED8E932393BE3EF68920 /* Pods_PixelSDKExample.framework in Frameworks */,
			);
			runOnlyForDeploymentPostprocessing = 0;
		};
/* End PBXFrameworksBuildPhase section */

/* Begin PBXGroup section */
		1FCA58B223B6BDEB0087B542 = {
			isa = PBXGroup;
			children = (
				1FCA58D223B6BE530087B542 /* Example */,
				1FCA58BC23B6BDEB0087B542 /* Products */,
				7199344128193F63F7CB1C4B /* Pods */,
				E0EF7D2797093AF8B3AC3ABA /* Frameworks */,
			);
			sourceTree = "<group>";
		};
		1FCA58BC23B6BDEB0087B542 /* Products */ = {
			isa = PBXGroup;
			children = (
				1FCA58BB23B6BDEB0087B542 /* Pixel SDK.app */,
			);
			name = Products;
			sourceTree = "<group>";
		};
		1FCA58D223B6BE530087B542 /* Example */ = {
			isa = PBXGroup;
			children = (
				1FCA58FD23B6BE530087B542 /* AppDelegate.swift */,
				1FCA58D423B6BE530087B542 /* ViewController.swift */,
				1FC45F07246126EB00BF87F7 /* Main.storyboard */,
				1FCA58EE23B6BE530087B542 /* SessionFilterExample1.swift */,
				1FCA58EC23B6BE530087B542 /* SessionFilterExample2.swift */,
				1FCA58D623B6BE530087B542 /* Post */,
				1FCA58E423B6BE530087B542 /* Sharing */,
				1FCA58F323B6BE530087B542 /* Extra */,
				1FD0BB2324358EAD00588233 /* test_1.mov */,
				1FD0BB2424358EAD00588233 /* test_2.mp4 */,
				1FD0BB2524358EAD00588233 /* test_3.mp4 */,
				1FCA58D523B6BE530087B542 /* Colors.xcassets */,
				1FCA58ED23B6BE530087B542 /* Assets.xcassets */,
				1FC45F0A246126F300BF87F7 /* LaunchScreen.storyboard */,
				1FCA58FF23B6BE530087B542 /* Info.plist */,
				1FC45F12246127E200BF87F7 /* InfoPlist.strings */,
				1FC45F10246127E200BF87F7 /* Localizable.strings */,
			);
			path = Example;
			sourceTree = "<group>";
		};
		1FCA58D623B6BE530087B542 /* Post */ = {
			isa = PBXGroup;
			children = (
				1FCA58DA23B6BE530087B542 /* PostController.swift */,
				1FCA58D723B6BE530087B542 /* PostController.xib */,
				1FCA58D823B6BE530087B542 /* PostTagLocationCell.swift */,
				1FCA58DB23B6BE530087B542 /* PostTagLocationCell.xib */,
				1FCA58DC23B6BE530087B542 /* PostDescriptionCell.swift */,
				1FCA58E023B6BE530087B542 /* PostDescriptionCell.xib */,
				1FCA58DE23B6BE530087B542 /* PostShareCell.swift */,
				1FCA58E223B6BE530087B542 /* PostShareCell.xib */,
				1FCA58DF23B6BE530087B542 /* SearchController.swift */,
				1FCA58DD23B6BE530087B542 /* SearchController.xib */,
				1FCA58E323B6BE530087B542 /* ExpandingTextViewCell.swift */,
			);
			path = Post;
			sourceTree = "<group>";
		};
		1FCA58E423B6BE530087B542 /* Sharing */ = {
			isa = PBXGroup;
			children = (
				1FCA58E823B6BE530087B542 /* ShareManager.swift */,
				1FCA58E523B6BE530087B542 /* ShareCameraRoll.swift */,
				1FCA58E623B6BE530087B542 /* ShareTwitter.swift */,
				1FCA58E723B6BE530087B542 /* ShareInstagram.swift */,
				1FCA58E923B6BE530087B542 /* ShareFacebook.swift */,
				1FCA58EA23B6BE530087B542 /* ShareMail.swift */,
				1FCA58EB23B6BE530087B542 /* ShareMessage.swift */,
			);
			path = Sharing;
			sourceTree = "<group>";
		};
		1FCA58F323B6BE530087B542 /* Extra */ = {
			isa = PBXGroup;
			children = (
				1FCA58F623B6BE530087B542 /* PHAsset+Additions.swift */,
				1FCA58F823B6BE530087B542 /* TouchDetectionView.swift */,
				1FCA58F923B6BE530087B542 /* LocationManager.swift */,
				1FCA58FA23B6BE530087B542 /* MKPlacemark+Additions.swift */,
				1F161F212436995D008F0E73 /* PHPhotoLibrary+Additions.swift */,
				1F0902B024CA732D0034473B /* RPCircularProgress.swift */,
			);
			path = Extra;
			sourceTree = "<group>";
		};
		7199344128193F63F7CB1C4B /* Pods */ = {
			isa = PBXGroup;
			children = (
				B782BA7C96D63D0621B7AE53 /* Pods-PixelSDKExample.debug.xcconfig */,
				7D4DB6D47010B9D22F69C6DF /* Pods-PixelSDKExample.release.xcconfig */,
			);
			path = Pods;
			sourceTree = "<group>";
		};
		E0EF7D2797093AF8B3AC3ABA /* Frameworks */ = {
			isa = PBXGroup;
			children = (
				0D210D24085027C9CE622875 /* Pods_PixelSDKExample.framework */,
			);
			name = Frameworks;
			sourceTree = "<group>";
		};
/* End PBXGroup section */

/* Begin PBXNativeTarget section */
		1FCA58BA23B6BDEB0087B542 /* PixelSDKExample */ = {
			isa = PBXNativeTarget;
			buildConfigurationList = 1FCA58CF23B6BDED0087B542 /* Build configuration list for PBXNativeTarget "PixelSDKExample" */;
			buildPhases = (
				6094B3168B351EAD897708B8 /* [CP] Check Pods Manifest.lock */,
				EF668E8DA602D395C5C17936 /* [CP] Prepare Artifacts */,
				1FCA58B723B6BDEB0087B542 /* Sources */,
				1FCA58B823B6BDEB0087B542 /* Frameworks */,
				1FCA58B923B6BDEB0087B542 /* Resources */,
				255E4CB0B1B79ED6FC4A9AE7 /* [CP] Embed Pods Frameworks */,
			);
			buildRules = (
			);
			dependencies = (
			);
			name = PixelSDKExample;
			productName = PixelSDKExample;
			productReference = 1FCA58BB23B6BDEB0087B542 /* Pixel SDK.app */;
			productType = "com.apple.product-type.application";
		};
/* End PBXNativeTarget section */

/* Begin PBXProject section */
		1FCA58B323B6BDEB0087B542 /* Project object */ = {
			isa = PBXProject;
			attributes = {
				LastSwiftUpdateCheck = 1120;
				LastUpgradeCheck = 1210;
				ORGANIZATIONNAME = "GottaYotta, Inc.";
				TargetAttributes = {
					1FCA58BA23B6BDEB0087B542 = {
						CreatedOnToolsVersion = 11.2.1;
					};
				};
			};
			buildConfigurationList = 1FCA58B623B6BDEB0087B542 /* Build configuration list for PBXProject "PixelSDKExample" */;
			compatibilityVersion = "Xcode 9.3";
			developmentRegion = en;
			hasScannedForEncodings = 0;
			knownRegions = (
				en,
				Base,
				ar,
				ca,
				cs,
				da,
				nl,
				"en-GB",
				fi,
				fr,
				"fr-CA",
				"fr-FR",
				de,
				el,
				he,
				hi,
				hu,
				id,
				it,
				ja,
				ko,
				ms,
				nb,
				pl,
				pt,
				"pt-BR",
				"pt-PT",
				ro,
				ru,
				sk,
				es,
				"es-419",
				"es-ES",
				sv,
				th,
				tr,
				uk,
				vi,
				"zh-HK",
				"zh-Hans",
				"zh-Hant",
				hr,
			);
			mainGroup = 1FCA58B223B6BDEB0087B542;
			productRefGroup = 1FCA58BC23B6BDEB0087B542 /* Products */;
			projectDirPath = "";
			projectRoot = "";
			targets = (
				1FCA58BA23B6BDEB0087B542 /* PixelSDKExample */,
			);
		};
/* End PBXProject section */

/* Begin PBXResourcesBuildPhase section */
		1FCA58B923B6BDEB0087B542 /* Resources */ = {
			isa = PBXResourcesBuildPhase;
			buildActionMask = 2147483647;
			files = (
				1FCA590C23B6BE530087B542 /* PostDescriptionCell.xib in Resources */,
				1FC45F15246127E200BF87F7 /* InfoPlist.strings in Resources */,
				1FCA590923B6BE530087B542 /* SearchController.xib in Resources */,
				1FD0BB2724358EAD00588233 /* test_2.mp4 in Resources */,
				1FC45F09246126EB00BF87F7 /* Main.storyboard in Resources */,
				1FD0BB2824358EAD00588233 /* test_3.mp4 in Resources */,
				1FCA590E23B6BE530087B542 /* PostShareCell.xib in Resources */,
				1FCA590323B6BE530087B542 /* PostController.xib in Resources */,
				1FCA590223B6BE530087B542 /* Colors.xcassets in Resources */,
				1FCA590723B6BE530087B542 /* PostTagLocationCell.xib in Resources */,
				1FC45F14246127E200BF87F7 /* Localizable.strings in Resources */,
				1FC45F0C246126F300BF87F7 /* LaunchScreen.storyboard in Resources */,
				1FD0BB2624358EAD00588233 /* test_1.mov in Resources */,
				1FCA591823B6BE530087B542 /* Assets.xcassets in Resources */,
			);
			runOnlyForDeploymentPostprocessing = 0;
		};
/* End PBXResourcesBuildPhase section */

/* Begin PBXShellScriptBuildPhase section */
		255E4CB0B1B79ED6FC4A9AE7 /* [CP] Embed Pods Frameworks */ = {
			isa = PBXShellScriptBuildPhase;
			buildActionMask = 2147483647;
			files = (
			);
			inputFileListPaths = (
				"${PODS_ROOT}/Target Support Files/Pods-PixelSDKExample/Pods-PixelSDKExample-frameworks-${CONFIGURATION}-input-files.xcfilelist",
			);
			name = "[CP] Embed Pods Frameworks";
			outputFileListPaths = (
				"${PODS_ROOT}/Target Support Files/Pods-PixelSDKExample/Pods-PixelSDKExample-frameworks-${CONFIGURATION}-output-files.xcfilelist",
			);
			runOnlyForDeploymentPostprocessing = 0;
			shellPath = /bin/sh;
			shellScript = "\"${PODS_ROOT}/Target Support Files/Pods-PixelSDKExample/Pods-PixelSDKExample-frameworks.sh\"\n";
			showEnvVarsInLog = 0;
		};
		6094B3168B351EAD897708B8 /* [CP] Check Pods Manifest.lock */ = {
			isa = PBXShellScriptBuildPhase;
			buildActionMask = 2147483647;
			files = (
			);
			inputFileListPaths = (
			);
			inputPaths = (
				"${PODS_PODFILE_DIR_PATH}/Podfile.lock",
				"${PODS_ROOT}/Manifest.lock",
			);
			name = "[CP] Check Pods Manifest.lock";
			outputFileListPaths = (
			);
			outputPaths = (
				"$(DERIVED_FILE_DIR)/Pods-PixelSDKExample-checkManifestLockResult.txt",
			);
			runOnlyForDeploymentPostprocessing = 0;
			shellPath = /bin/sh;
			shellScript = "diff \"${PODS_PODFILE_DIR_PATH}/Podfile.lock\" \"${PODS_ROOT}/Manifest.lock\" > /dev/null\nif [ $? != 0 ] ; then\n    # print error to STDERR\n    echo \"error: The sandbox is not in sync with the Podfile.lock. Run 'pod install' or update your CocoaPods installation.\" >&2\n    exit 1\nfi\n# This output is used by Xcode 'outputs' to avoid re-running this script phase.\necho \"SUCCESS\" > \"${SCRIPT_OUTPUT_FILE_0}\"\n";
			showEnvVarsInLog = 0;
		};
		EF668E8DA602D395C5C17936 /* [CP] Prepare Artifacts */ = {
			isa = PBXShellScriptBuildPhase;
			buildActionMask = 2147483647;
			files = (
			);
			inputFileListPaths = (
				"${PODS_ROOT}/Target Support Files/Pods-PixelSDKExample/Pods-PixelSDKExample-artifacts-${CONFIGURATION}-input-files.xcfilelist",
			);
			name = "[CP] Prepare Artifacts";
			outputFileListPaths = (
				"${PODS_ROOT}/Target Support Files/Pods-PixelSDKExample/Pods-PixelSDKExample-artifacts-${CONFIGURATION}-output-files.xcfilelist",
			);
			runOnlyForDeploymentPostprocessing = 0;
			shellPath = /bin/sh;
			shellScript = "\"${PODS_ROOT}/Target Support Files/Pods-PixelSDKExample/Pods-PixelSDKExample-artifacts.sh\"\n";
			showEnvVarsInLog = 0;
		};
/* End PBXShellScriptBuildPhase section */

/* Begin PBXSourcesBuildPhase section */
		1FCA58B723B6BDEB0087B542 /* Sources */ = {
			isa = PBXSourcesBuildPhase;
			buildActionMask = 2147483647;
			files = (
				1FCA591E23B6BE530087B542 /* PHAsset+Additions.swift in Sources */,
				1FCA590123B6BE530087B542 /* ViewController.swift in Sources */,
				1F161F222436995D008F0E73 /* PHPhotoLibrary+Additions.swift in Sources */,
				1FCA590B23B6BE530087B542 /* SearchController.swift in Sources */,
				1FCA591323B6BE530087B542 /* ShareManager.swift in Sources */,
				1FCA592023B6BE530087B542 /* TouchDetectionView.swift in Sources */,
				1FCA592123B6BE530087B542 /* LocationManager.swift in Sources */,
				1FCA591923B6BE530087B542 /* SessionFilterExample1.swift in Sources */,
				1F0902B124CA732D0034473B /* RPCircularProgress.swift in Sources */,
				1FCA591523B6BE530087B542 /* ShareMail.swift in Sources */,
				1FCA591223B6BE530087B542 /* ShareInstagram.swift in Sources */,
				1FCA590423B6BE530087B542 /* PostTagLocationCell.swift in Sources */,
				1FCA592523B6BE530087B542 /* AppDelegate.swift in Sources */,
				1FCA591023B6BE530087B542 /* ShareCameraRoll.swift in Sources */,
				1FCA591623B6BE530087B542 /* ShareMessage.swift in Sources */,
				1FCA591423B6BE530087B542 /* ShareFacebook.swift in Sources */,
				1FCA592223B6BE530087B542 /* MKPlacemark+Additions.swift in Sources */,
				1FCA590F23B6BE530087B542 /* ExpandingTextViewCell.swift in Sources */,
				1FCA590823B6BE530087B542 /* PostDescriptionCell.swift in Sources */,
				1FCA590A23B6BE530087B542 /* PostShareCell.swift in Sources */,
				1FCA590623B6BE530087B542 /* PostController.swift in Sources */,
				1FCA591723B6BE530087B542 /* SessionFilterExample2.swift in Sources */,
				1FCA591123B6BE530087B542 /* ShareTwitter.swift in Sources */,
			);
			runOnlyForDeploymentPostprocessing = 0;
		};
/* End PBXSourcesBuildPhase section */

/* Begin PBXVariantGroup section */
		1FC45F07246126EB00BF87F7 /* Main.storyboard */ = {
			isa = PBXVariantGroup;
			children = (
				1FC45F08246126EB00BF87F7 /* Base */,
				1FC45F0F246127A700BF87F7 /* en */,
				1FC45F4224612AA900BF87F7 /* ar */,
				1FC45F4324612AAA00BF87F7 /* ca */,
				1FC45F4424612AAB00BF87F7 /* zh-HK */,
				1FC45F4524612AAC00BF87F7 /* zh-Hans */,
				1FC45F4624612AAD00BF87F7 /* zh-Hant */,
				1FC45F4724612AAD00BF87F7 /* hr */,
				1FC45F4824612AAE00BF87F7 /* cs */,
				1FC45F4924612AAF00BF87F7 /* da */,
				1FC45F4A24612AB000BF87F7 /* nl */,
				1FC45F4B24612AB100BF87F7 /* en-GB */,
				1FC45F4C24612AB100BF87F7 /* fi */,
				1FC45F4D24612AB200BF87F7 /* fr */,
				1FC45F4E24612AB300BF87F7 /* fr-CA */,
				1FC45F4F24612AB300BF87F7 /* fr-FR */,
				1FC45F5024612AB400BF87F7 /* de */,
				1FC45F5124612AB400BF87F7 /* el */,
				1FC45F5224612AB500BF87F7 /* he */,
				1FC45F5324612AB500BF87F7 /* hi */,
				1FC45F5424612AB600BF87F7 /* hu */,
				1FC45F5524612AB600BF87F7 /* id */,
				1FC45F5624612AB800BF87F7 /* it */,
				1FC45F5724612ABA00BF87F7 /* ja */,
				1FC45F5824612ABB00BF87F7 /* ko */,
				1FC45F5924612ABB00BF87F7 /* ms */,
				1FC45F5A24612ABC00BF87F7 /* nb */,
				1FC45F5B24612ABD00BF87F7 /* pl */,
				1FC45F5C24612ABE00BF87F7 /* pt */,
				1FC45F5D24612ABE00BF87F7 /* pt-BR */,
				1FC45F5E24612ABF00BF87F7 /* pt-PT */,
				1FC45F5F24612AC000BF87F7 /* ro */,
				1FC45F6024612AC000BF87F7 /* ru */,
				1FC45F6124612AC100BF87F7 /* sk */,
				1FC45F6224612AC100BF87F7 /* es */,
				1FC45F6324612AC300BF87F7 /* es-419 */,
				1FC45F6424612AC300BF87F7 /* es-ES */,
				1FC45F6624612AC600BF87F7 /* sv */,
				1FC45F6724612AC700BF87F7 /* th */,
				1FC45F6824612AC800BF87F7 /* tr */,
				1FC45F6924612AC900BF87F7 /* uk */,
				1FC45F6A24612ACA00BF87F7 /* vi */,
			);
			name = Main.storyboard;
			sourceTree = "<group>";
		};
		1FC45F0A246126F300BF87F7 /* LaunchScreen.storyboard */ = {
			isa = PBXVariantGroup;
			children = (
				1FC45F0B246126F300BF87F7 /* Base */,
			);
			name = LaunchScreen.storyboard;
			sourceTree = "<group>";
		};
		1FC45F10246127E200BF87F7 /* Localizable.strings */ = {
			isa = PBXVariantGroup;
			children = (
				1FC45F11246127E200BF87F7 /* en */,
				1FC45F17246127EC00BF87F7 /* ar */,
				1FC45F1A2461283300BF87F7 /* ca */,
				1FC45F9124612AF300BF87F7 /* zh-HK */,
				1FC45F9224612AF300BF87F7 /* zh-Hans */,
				1FC45F9324612AF400BF87F7 /* zh-Hant */,
				1FC45F9424612AF400BF87F7 /* hr */,
				1FC45F9524612AF500BF87F7 /* cs */,
				1FC45F9624612AF500BF87F7 /* da */,
				1FC45F9724612AF600BF87F7 /* nl */,
				1FC45F9824612AF600BF87F7 /* en-GB */,
				1FC45F9924612AF700BF87F7 /* fi */,
				1FC45F9A24612AF700BF87F7 /* fr */,
				1FC45F9B24612AF800BF87F7 /* fr-CA */,
				1FC45F9C24612AF800BF87F7 /* fr-FR */,
				1FC45F9D24612AF900BF87F7 /* de */,
				1FC45FA624612B0900BF87F7 /* el */,
				1FC45FA724612B0A00BF87F7 /* he */,
				1FC45FA824612B0B00BF87F7 /* hi */,
				1FC45FA924612B0B00BF87F7 /* hu */,
				1FC45FAA24612B0C00BF87F7 /* id */,
				1FC45FAB24612B0C00BF87F7 /* it */,
				1FC45FAC24612B0D00BF87F7 /* ja */,
				1FC45FAD24612B0D00BF87F7 /* ko */,
				1FC45FAE24612B1500BF87F7 /* ms */,
				1FC45FAF24612B1600BF87F7 /* nb */,
				1FC45FB024612B1600BF87F7 /* pl */,
				1FC45FB124612B1700BF87F7 /* pt */,
				1FC45FB224612B1700BF87F7 /* pt-BR */,
				1FC45FB324612B1800BF87F7 /* pt-PT */,
				1FC45FB424612B1800BF87F7 /* ro */,
				1FC45FB524612B1900BF87F7 /* ru */,
				1FC45FB624612B1A00BF87F7 /* sk */,
				1FC45FB724612B1B00BF87F7 /* es */,
				1FC45FB824612B1B00BF87F7 /* es-419 */,
				1FC45FB924612B1C00BF87F7 /* es-ES */,
				1FC45FBA24612B1C00BF87F7 /* sv */,
				1FC45FBB24612B1D00BF87F7 /* th */,
				1FC45FBC24612B1E00BF87F7 /* tr */,
				1FC45FBD24612B1E00BF87F7 /* uk */,
				1FC45FBE24612B1F00BF87F7 /* vi */,
			);
			name = Localizable.strings;
			sourceTree = "<group>";
		};
		1FC45F12246127E200BF87F7 /* InfoPlist.strings */ = {
			isa = PBXVariantGroup;
			children = (
				1FC45F13246127E200BF87F7 /* en */,
				1FC45F16246127E800BF87F7 /* ar */,
				1FC45F1B2461283C00BF87F7 /* ca */,
				1FC45F6B24612AD100BF87F7 /* zh-HK */,
				1FC45F6C24612AD100BF87F7 /* zh-Hans */,
				1FC45F6D24612AD200BF87F7 /* zh-Hant */,
				1FC45F6E24612AD200BF87F7 /* hr */,
				1FC45F6F24612AD300BF87F7 /* cs */,
				1FC45F7024612AD300BF87F7 /* da */,
				1FC45F7124612AD500BF87F7 /* nl */,
				1FC45F7224612AD500BF87F7 /* en-GB */,
				1FC45F7324612AD600BF87F7 /* fi */,
				1FC45F7424612AD600BF87F7 /* fr */,
				1FC45F7524612AD700BF87F7 /* fr-CA */,
				1FC45F7624612AD700BF87F7 /* fr-FR */,
				1FC45F7724612AD800BF87F7 /* de */,
				1FC45F7824612AD800BF87F7 /* el */,
				1FC45F7924612AD900BF87F7 /* he */,
				1FC45F7A24612ADA00BF87F7 /* hi */,
				1FC45F7B24612ADB00BF87F7 /* hu */,
				1FC45F7C24612ADB00BF87F7 /* id */,
				1FC45F7D24612ADC00BF87F7 /* it */,
				1FC45F7E24612ADC00BF87F7 /* ja */,
				1FC45F7F24612ADD00BF87F7 /* ko */,
				1FC45F8024612ADE00BF87F7 /* ms */,
				1FC45F8124612ADE00BF87F7 /* nb */,
				1FC45F8224612AE200BF87F7 /* pl */,
				1FC45F8324612AE300BF87F7 /* pt */,
				1FC45F8424612AE300BF87F7 /* pt-BR */,
				1FC45F8524612AE400BF87F7 /* pt-PT */,
				1FC45F8624612AE400BF87F7 /* ro */,
				1FC45F8724612AE500BF87F7 /* ru */,
				1FC45F8824612AE500BF87F7 /* sk */,
				1FC45F8924612AE600BF87F7 /* es */,
				1FC45F8A24612AE700BF87F7 /* es-419 */,
				1FC45F8B24612AE700BF87F7 /* es-ES */,
				1FC45F8C24612AE800BF87F7 /* sv */,
				1FC45F8D24612AE800BF87F7 /* th */,
				1FC45F8E24612AE900BF87F7 /* tr */,
				1FC45F8F24612AEA00BF87F7 /* uk */,
				1FC45F9024612AEA00BF87F7 /* vi */,
			);
			name = InfoPlist.strings;
			sourceTree = "<group>";
		};
/* End PBXVariantGroup section */

/* Begin XCBuildConfiguration section */
		1FCA58CD23B6BDED0087B542 /* Debug */ = {
			isa = XCBuildConfiguration;
			buildSettings = {
				ALWAYS_SEARCH_USER_PATHS = NO;
				CLANG_ANALYZER_LOCALIZABILITY_NONLOCALIZED = YES;
				CLANG_ANALYZER_NONNULL = YES;
				CLANG_ANALYZER_NUMBER_OBJECT_CONVERSION = YES_AGGRESSIVE;
				CLANG_CXX_LANGUAGE_STANDARD = "gnu++14";
				CLANG_CXX_LIBRARY = "libc++";
				CLANG_ENABLE_MODULES = YES;
				CLANG_ENABLE_OBJC_ARC = YES;
				CLANG_ENABLE_OBJC_WEAK = YES;
				CLANG_WARN_BLOCK_CAPTURE_AUTORELEASING = YES;
				CLANG_WARN_BOOL_CONVERSION = YES;
				CLANG_WARN_COMMA = YES;
				CLANG_WARN_CONSTANT_CONVERSION = YES;
				CLANG_WARN_DEPRECATED_OBJC_IMPLEMENTATIONS = YES;
				CLANG_WARN_DIRECT_OBJC_ISA_USAGE = YES_ERROR;
				CLANG_WARN_DOCUMENTATION_COMMENTS = YES;
				CLANG_WARN_EMPTY_BODY = YES;
				CLANG_WARN_ENUM_CONVERSION = YES;
				CLANG_WARN_INFINITE_RECURSION = YES;
				CLANG_WARN_INT_CONVERSION = YES;
				CLANG_WARN_NON_LITERAL_NULL_CONVERSION = YES;
				CLANG_WARN_OBJC_IMPLICIT_RETAIN_SELF = YES;
				CLANG_WARN_OBJC_LITERAL_CONVERSION = YES;
				CLANG_WARN_OBJC_ROOT_CLASS = YES_ERROR;
				CLANG_WARN_QUOTED_INCLUDE_IN_FRAMEWORK_HEADER = YES;
				CLANG_WARN_RANGE_LOOP_ANALYSIS = YES;
				CLANG_WARN_STRICT_PROTOTYPES = YES;
				CLANG_WARN_SUSPICIOUS_MOVE = YES;
				CLANG_WARN_UNGUARDED_AVAILABILITY = YES_AGGRESSIVE;
				CLANG_WARN_UNREACHABLE_CODE = YES;
				CLANG_WARN__DUPLICATE_METHOD_MATCH = YES;
				COPY_PHASE_STRIP = NO;
				DEBUG_INFORMATION_FORMAT = dwarf;
				ENABLE_STRICT_OBJC_MSGSEND = YES;
				ENABLE_TESTABILITY = YES;
				GCC_C_LANGUAGE_STANDARD = gnu11;
				GCC_DYNAMIC_NO_PIC = NO;
				GCC_NO_COMMON_BLOCKS = YES;
				GCC_OPTIMIZATION_LEVEL = 0;
				GCC_PREPROCESSOR_DEFINITIONS = (
					"DEBUG=1",
					"$(inherited)",
				);
				GCC_WARN_64_TO_32_BIT_CONVERSION = YES;
				GCC_WARN_ABOUT_RETURN_TYPE = YES_ERROR;
				GCC_WARN_UNDECLARED_SELECTOR = YES;
				GCC_WARN_UNINITIALIZED_AUTOS = YES_AGGRESSIVE;
				GCC_WARN_UNUSED_FUNCTION = YES;
				GCC_WARN_UNUSED_VARIABLE = YES;
				IPHONEOS_DEPLOYMENT_TARGET = 11.0;
				MTL_ENABLE_DEBUG_INFO = INCLUDE_SOURCE;
				MTL_FAST_MATH = YES;
				ONLY_ACTIVE_ARCH = YES;
				SDKROOT = iphoneos;
				SWIFT_ACTIVE_COMPILATION_CONDITIONS = DEBUG;
				SWIFT_OPTIMIZATION_LEVEL = "-Onone";
				TARGETED_DEVICE_FAMILY = "1,2";
			};
			name = Debug;
		};
		1FCA58CE23B6BDED0087B542 /* Release */ = {
			isa = XCBuildConfiguration;
			buildSettings = {
				ALWAYS_SEARCH_USER_PATHS = NO;
				CLANG_ANALYZER_LOCALIZABILITY_NONLOCALIZED = YES;
				CLANG_ANALYZER_NONNULL = YES;
				CLANG_ANALYZER_NUMBER_OBJECT_CONVERSION = YES_AGGRESSIVE;
				CLANG_CXX_LANGUAGE_STANDARD = "gnu++14";
				CLANG_CXX_LIBRARY = "libc++";
				CLANG_ENABLE_MODULES = YES;
				CLANG_ENABLE_OBJC_ARC = YES;
				CLANG_ENABLE_OBJC_WEAK = YES;
				CLANG_WARN_BLOCK_CAPTURE_AUTORELEASING = YES;
				CLANG_WARN_BOOL_CONVERSION = YES;
				CLANG_WARN_COMMA = YES;
				CLANG_WARN_CONSTANT_CONVERSION = YES;
				CLANG_WARN_DEPRECATED_OBJC_IMPLEMENTATIONS = YES;
				CLANG_WARN_DIRECT_OBJC_ISA_USAGE = YES_ERROR;
				CLANG_WARN_DOCUMENTATION_COMMENTS = YES;
				CLANG_WARN_EMPTY_BODY = YES;
				CLANG_WARN_ENUM_CONVERSION = YES;
				CLANG_WARN_INFINITE_RECURSION = YES;
				CLANG_WARN_INT_CONVERSION = YES;
				CLANG_WARN_NON_LITERAL_NULL_CONVERSION = YES;
				CLANG_WARN_OBJC_IMPLICIT_RETAIN_SELF = YES;
				CLANG_WARN_OBJC_LITERAL_CONVERSION = YES;
				CLANG_WARN_OBJC_ROOT_CLASS = YES_ERROR;
				CLANG_WARN_QUOTED_INCLUDE_IN_FRAMEWORK_HEADER = YES;
				CLANG_WARN_RANGE_LOOP_ANALYSIS = YES;
				CLANG_WARN_STRICT_PROTOTYPES = YES;
				CLANG_WARN_SUSPICIOUS_MOVE = YES;
				CLANG_WARN_UNGUARDED_AVAILABILITY = YES_AGGRESSIVE;
				CLANG_WARN_UNREACHABLE_CODE = YES;
				CLANG_WARN__DUPLICATE_METHOD_MATCH = YES;
				COPY_PHASE_STRIP = NO;
				DEBUG_INFORMATION_FORMAT = "dwarf-with-dsym";
				ENABLE_NS_ASSERTIONS = NO;
				ENABLE_STRICT_OBJC_MSGSEND = YES;
				GCC_C_LANGUAGE_STANDARD = gnu11;
				GCC_NO_COMMON_BLOCKS = YES;
				GCC_WARN_64_TO_32_BIT_CONVERSION = YES;
				GCC_WARN_ABOUT_RETURN_TYPE = YES_ERROR;
				GCC_WARN_UNDECLARED_SELECTOR = YES;
				GCC_WARN_UNINITIALIZED_AUTOS = YES_AGGRESSIVE;
				GCC_WARN_UNUSED_FUNCTION = YES;
				GCC_WARN_UNUSED_VARIABLE = YES;
				IPHONEOS_DEPLOYMENT_TARGET = 11.0;
				MTL_ENABLE_DEBUG_INFO = NO;
				MTL_FAST_MATH = YES;
				SDKROOT = iphoneos;
				SWIFT_COMPILATION_MODE = wholemodule;
				SWIFT_OPTIMIZATION_LEVEL = "-O";
				TARGETED_DEVICE_FAMILY = "1,2";
				VALIDATE_PRODUCT = YES;
			};
			name = Release;
		};
		1FCA58D023B6BDED0087B542 /* Debug */ = {
			isa = XCBuildConfiguration;
			baseConfigurationReference = B782BA7C96D63D0621B7AE53 /* Pods-PixelSDKExample.debug.xcconfig */;
			buildSettings = {
				ASSETCATALOG_COMPILER_APPICON_NAME = AppIcon;
				CODE_SIGN_STYLE = Automatic;
				CURRENT_PROJECT_VERSION = 1;
				DEVELOPMENT_TEAM = "";
				FRAMEWORK_SEARCH_PATHS = "$(inherited)";
				INFOPLIST_FILE = "$(SRCROOT)/Example/Info.plist";
				LD_RUNPATH_SEARCH_PATHS = (
					"$(inherited)",
					"@executable_path/Frameworks",
				);
				PRODUCT_BUNDLE_IDENTIFIER = com.gottayotta.PixelSDKExample;
				PRODUCT_NAME = "Pixel SDK";
				SWIFT_VERSION = 5.0;
			};
			name = Debug;
		};
		1FCA58D123B6BDED0087B542 /* Release */ = {
			isa = XCBuildConfiguration;
			baseConfigurationReference = 7D4DB6D47010B9D22F69C6DF /* Pods-PixelSDKExample.release.xcconfig */;
			buildSettings = {
				ASSETCATALOG_COMPILER_APPICON_NAME = AppIcon;
				CODE_SIGN_STYLE = Automatic;
				CURRENT_PROJECT_VERSION = 1;
				DEVELOPMENT_TEAM = "";
				FRAMEWORK_SEARCH_PATHS = "$(inherited)";
				INFOPLIST_FILE = "$(SRCROOT)/Example/Info.plist";
				LD_RUNPATH_SEARCH_PATHS = (
					"$(inherited)",
					"@executable_path/Frameworks",
				);
				PRODUCT_BUNDLE_IDENTIFIER = com.gottayotta.PixelSDKExample;
				PRODUCT_NAME = "Pixel SDK";
				SWIFT_VERSION = 5.0;
			};
			name = Release;
		};
/* End XCBuildConfiguration section */

/* Begin XCConfigurationList section */
		1FCA58B623B6BDEB0087B542 /* Build configuration list for PBXProject "PixelSDKExample" */ = {
			isa = XCConfigurationList;
			buildConfigurations = (
				1FCA58CD23B6BDED0087B542 /* Debug */,
				1FCA58CE23B6BDED0087B542 /* Release */,
			);
			defaultConfigurationIsVisible = 0;
			defaultConfigurationName = Release;
		};
		1FCA58CF23B6BDED0087B542 /* Build configuration list for PBXNativeTarget "PixelSDKExample" */ = {
			isa = XCConfigurationList;
			buildConfigurations = (
				1FCA58D023B6BDED0087B542 /* Debug */,
				1FCA58D123B6BDED0087B542 /* Release */,
			);
			defaultConfigurationIsVisible = 0;
			defaultConfigurationName = Release;
		};
/* End XCConfigurationList section */
	};
	rootObject = 1FCA58B323B6BDEB0087B542 /* Project object */;
}
